<?xml version="1.0" encoding="utf-8"?>
<Project ToolsVersion="15.0" xmlns="http://schemas.microsoft.com/developer/msbuild/2003">
  <ItemGroup>
    <Filter Include="Resources">
      <UniqueIdentifier>accd3aa8-1ba0-4223-9bbe-0c431709210b</UniqueIdentifier>
      <Extensions>rc;ico;cur;bmp;dlg;rc2;rct;bin;rgs;gif;jpg;jpeg;jpe;resx;tga;tiff;tif;png;wav;mfcribbon-ms</Extensions>
    </Filter>
    <Filter Include="Generated Files">
      <UniqueIdentifier>{926ab91d-31b4-48c3-b9a4-e681349f27f0}</UniqueIdentifier>
    </Filter>
    <Filter Include="Others">
      <UniqueIdentifier>{b85a6630-dd5c-4dc6-ac2d-1ba1b5ef373c}</UniqueIdentifier>
    </Filter>
    <Filter Include="Headers">
      <UniqueIdentifier>{4f239a5a-bec3-43fc-81b0-26883c5249d2}</UniqueIdentifier>
    </Filter>
    <Filter Include="Sources">
      <UniqueIdentifier>{429d88cf-1fb4-4ca8-ade3-9b02d9e2960f}</UniqueIdentifier>
    </Filter>
    <Filter Include="Services">
      <UniqueIdentifier>{eb302716-a081-490a-97a3-82f47da3b5c4}</UniqueIdentifier>
    </Filter>
    <Filter Include="Models">
      <UniqueIdentifier>{15f6fd6a-7de3-49a5-a8b3-d0bcd6fc266a}</UniqueIdentifier>
    </Filter>
  </ItemGroup>
  <ItemGroup>
    <ClCompile Include="$(GeneratedFilesDir)module.g.cpp">
      <Filter>Sources</Filter>
    </ClCompile>
    <ClCompile Include="pch.cpp">
      <Filter>Sources</Filter>
    </ClCompile>
    <ClCompile Include="Mercatec.Services.MicrosoftPassportHelper.cpp">
      <Filter>Services</Filter>
    </ClCompile>
    <ClCompile Include="Mercatec.Services.AccountHelper.cpp">
      <Filter>Services</Filter>
    </ClCompile>
  </ItemGroup>
  <ItemGroup>
    <ClInclude Include="Mercatec.Services.Exports.Api.hpp">
      <Filter>Headers</Filter>
    </ClInclude>
    <ClInclude Include="pch.h">
      <Filter>Headers</Filter>
    </ClInclude>
    <ClInclude Include="Mercatec.Services.Models.hpp">
      <Filter>Headers</Filter>
    </ClInclude>
    <ClInclude Include="Mercatec.Services.MicrosoftPassportService.hpp">
      <Filter>Services</Filter>
    </ClInclude>
    <ClInclude Include="Mercatec.Services.AccountService.hpp">
      <Filter>Services</Filter>
    </ClInclude>
  </ItemGroup>
  <ItemGroup>
    <None Include="PropertySheet.props">
      <Filter>Others</Filter>
    </None>
    <None Include="packages.config">
      <Filter>Others</Filter>
    </None>
    <None Include="Mercatec.Services.def">
      <Filter>Others</Filter>
    </None>
  </ItemGroup>
  <ItemGroup>
    <Natvis Include="$(MSBuildThisFileDirectory)..\..\natvis\wil.natvis">
      <Filter>Others</Filter>
    </Natvis>
  </ItemGroup>
  <ItemGroup>
    <Text Include="readme.txt">
      <Filter>Others</Filter>
    </Text>
  </ItemGroup>
  <ItemGroup>
    <Midl Include="Mercatec.Services.DialogService.idl">
      <Filter>Services</Filter>
    </Midl>
    <Midl Include="Mercatec.Services.Models.UserAccount.idl">
      <Filter>Models</Filter>
    </Midl>
    <Midl Include="Mercatec.Services.Models.PassportDevice.idl">
      <Filter>Models</Filter>
    </Midl>
  </ItemGroup>
</Project>