
Microsoft Visual Studio Solution File, Format Version 12.00
# Visual Studio Version 17
VisualStudioVersion = 17.5.33530.505
MinimumVisualStudioVersion = 10.0.40219.1
Project("{8BC9CEB8-8B4A-11D0-8D11-00A0C91BC942}") = "Mercatec.Application", "Mercatec.Application\Mercatec.Application.vcxproj", "{88FAEC33-09C0-47BC-9FAB-306BCEE6C8C7}"
EndProject
Project("{2150E333-8FDC-42A3-9474-1A3956D46DE8}") = "Solution Folder", "Solution Folder", "{2123EF84-C96B-4F68-A061-08A49C51B38F}"
	ProjectSection(SolutionItems) = preProject
		Solution.props = Solution.props
	EndProjectSection
EndProject
Global
	GlobalSection(SolutionConfigurationPlatforms) = preSolution
		Debug|ARM64 = Debug|ARM64
		Debug|x64 = Debug|x64
		Debug|x86 = Debug|x86
		Release|ARM64 = Release|ARM64
		Release|x64 = Release|x64
		Release|x86 = Release|x86
	EndGlobalSection
	GlobalSection(ProjectConfigurationPlatforms) = postSolution
		{88FAEC33-09C0-47BC-9FAB-306BCEE6C8C7}.Debug|ARM64.ActiveCfg = Debug|ARM64
		{88FAEC33-09C0-47BC-9FAB-306BCEE6C8C7}.Debug|ARM64.Build.0 = Debug|ARM64
		{88FAEC33-09C0-47BC-9FAB-306BCEE6C8C7}.Debug|ARM64.Deploy.0 = Debug|ARM64
		{88FAEC33-09C0-47BC-9FAB-306BCEE6C8C7}.Debug|x64.ActiveCfg = Debug|x64
		{88FAEC33-09C0-47BC-9FAB-306BCEE6C8C7}.Debug|x64.Build.0 = Debug|x64
		{88FAEC33-09C0-47BC-9FAB-306BCEE6C8C7}.Debug|x64.Deploy.0 = Debug|x64
		{88FAEC33-09C0-47BC-9FAB-306BCEE6C8C7}.Debug|x86.ActiveCfg = Debug|Win32
		{88FAEC33-09C0-47BC-9FAB-306BCEE6C8C7}.Debug|x86.Build.0 = Debug|Win32
		{88FAEC33-09C0-47BC-9FAB-306BCEE6C8C7}.Debug|x86.Deploy.0 = Debug|Win32
		{88FAEC33-09C0-47BC-9FAB-306BCEE6C8C7}.Release|ARM64.ActiveCfg = Release|ARM64
		{88FAEC33-09C0-47BC-9FAB-306BCEE6C8C7}.Release|ARM64.Build.0 = Release|ARM64
		{88FAEC33-09C0-47BC-9FAB-306BCEE6C8C7}.Release|ARM64.Deploy.0 = Release|ARM64
		{88FAEC33-09C0-47BC-9FAB-306BCEE6C8C7}.Release|x64.ActiveCfg = Release|x64
		{88FAEC33-09C0-47BC-9FAB-306BCEE6C8C7}.Release|x64.Build.0 = Release|x64
		{88FAEC33-09C0-47BC-9FAB-306BCEE6C8C7}.Release|x64.Deploy.0 = Release|x64
		{88FAEC33-09C0-47BC-9FAB-306BCEE6C8C7}.Release|x86.ActiveCfg = Release|Win32
		{88FAEC33-09C0-47BC-9FAB-306BCEE6C8C7}.Release|x86.Build.0 = Release|Win32
		{88FAEC33-09C0-47BC-9FAB-306BCEE6C8C7}.Release|x86.Deploy.0 = Release|Win32
	EndGlobalSection
	GlobalSection(SolutionProperties) = preSolution
		HideSolutionNode = FALSE
	EndGlobalSection
	GlobalSection(ExtensibilityGlobals) = postSolution
		SolutionGuid = {25FBB6B7-8988-4AAD-8C9B-16FFD744A8F1}
	EndGlobalSection
EndGlobal
