
Microsoft Visual Studio Solution File, Format Version 12.00
# Visual Studio Version 17
VisualStudioVersion = 17.5.33530.505
MinimumVisualStudioVersion = 10.0.40219.1
Project("{8BC9CEB8-8B4A-11D0-8D11-00A0C91BC942}") = "Mercatec.Application", "Mercatec.Application\Mercatec.Application.vcxproj", "{88FAEC33-09C0-47BC-9FAB-306BCEE6C8C7}"
	ProjectSection(ProjectDependencies) = postProject
		{5EFAF453-AD08-4D9A-8B5C-EE4041A7DD75} = {5EFAF453-AD08-4D9A-8B5C-EE4041A7DD75}
	EndProjectSection
EndProject
Project("{2150E333-8FDC-42A3-9474-1A3956D46DE8}") = "Solution Folder", "Solution Folder", "{2123EF84-C96B-4F68-A061-08A49C51B38F}"
	ProjectSection(SolutionItems) = preProject
		.clang-format = .clang-format
		.gitattributes = .gitattributes
		.gitignore = .gitignore
		LICENSE.txt = LICENSE.txt
		README.md = README.md
		Solution.props = Solution.props
	EndProjectSection
EndProject
Project("{8BC9CEB8-8B4A-11D0-8D11-00A0C91BC942}") = "Mercatec.ViewModels", "Mercatec.ViewModels\Mercatec.ViewModels.vcxproj", "{42BEAE35-B354-414B-903D-BD82CBEB7F78}"
EndProject
Project("{8BC9CEB8-8B4A-11D0-8D11-00A0C91BC942}") = "Mercatec.Helpers", "Mercatec.Helpers\Mercatec.Helpers.vcxproj", "{BA6F8055-8F7A-4820-8D87-8979EF0CA7D7}"
EndProject
Project("{8BC9CEB8-8B4A-11D0-8D11-00A0C91BC942}") = "Mercatec.Models", "Mercatec.Models\Mercatec.Models.vcxproj", "{4E3C076E-8FDE-4089-A08D-C151C3F5F88F}"
EndProject
Project("{8BC9CEB8-8B4A-11D0-8D11-00A0C91BC942}") = "Mercatec.BusinessLogic", "Mercatec.BusinessLogic\Mercatec.BusinessLogic.vcxproj", "{32838A0E-2990-4302-8000-BA502C332F34}"
EndProject
Project("{8BC9CEB8-8B4A-11D0-8D11-00A0C91BC942}") = "Mercatec.Reports", "Mercatec.Reports\Mercatec.Reports.vcxproj", "{4DACD89E-FE39-4C69-A0F9-52453802D73E}"
EndProject
Project("{8BC9CEB8-8B4A-11D0-8D11-00A0C91BC942}") = "Mercatec.Repositories", "Mercatec.Repositories\Mercatec.Repositories.vcxproj", "{8337B328-BF33-401F-B1CB-CD54CCD4BE5B}"
EndProject
Project("{2150E333-8FDC-42A3-9474-1A3956D46DE8}") = "Solution Tests", "Solution Tests", "{4981BBD2-3BA5-4E74-99CD-88A6FD7D6731}"
EndProject
Project("{8BC9CEB8-8B4A-11D0-8D11-00A0C91BC942}") = "Mercatec.Services", "Mercatec.Services\Mercatec.Services.vcxproj", "{5EFAF453-AD08-4D9A-8B5C-EE4041A7DD75}"
	ProjectSection(ProjectDependencies) = postProject
		{8337B328-BF33-401F-B1CB-CD54CCD4BE5B} = {8337B328-BF33-401F-B1CB-CD54CCD4BE5B}
	EndProjectSection
EndProject
Global
	GlobalSection(SolutionConfigurationPlatforms) = preSolution
		Debug|ARM64 = Debug|ARM64
		Debug|x64 = Debug|x64
		Debug|x86 = Debug|x86
		Release|ARM64 = Release|ARM64
		Release|x64 = Release|x64
		Release|x86 = Release|x86
	EndGlobalSection
	GlobalSection(ProjectConfigurationPlatforms) = postSolution
		{88FAEC33-09C0-47BC-9FAB-306BCEE6C8C7}.Debug|ARM64.ActiveCfg = Debug|ARM64
		{88FAEC33-09C0-47BC-9FAB-306BCEE6C8C7}.Debug|ARM64.Build.0 = Debug|ARM64
		{88FAEC33-09C0-47BC-9FAB-306BCEE6C8C7}.Debug|ARM64.Deploy.0 = Debug|ARM64
		{88FAEC33-09C0-47BC-9FAB-306BCEE6C8C7}.Debug|x64.ActiveCfg = Debug|x64
		{88FAEC33-09C0-47BC-9FAB-306BCEE6C8C7}.Debug|x64.Build.0 = Debug|x64
		{88FAEC33-09C0-47BC-9FAB-306BCEE6C8C7}.Debug|x64.Deploy.0 = Debug|x64
		{88FAEC33-09C0-47BC-9FAB-306BCEE6C8C7}.Debug|x86.ActiveCfg = Debug|Win32
		{88FAEC33-09C0-47BC-9FAB-306BCEE6C8C7}.Debug|x86.Build.0 = Debug|Win32
		{88FAEC33-09C0-47BC-9FAB-306BCEE6C8C7}.Debug|x86.Deploy.0 = Debug|Win32
		{88FAEC33-09C0-47BC-9FAB-306BCEE6C8C7}.Release|ARM64.ActiveCfg = Release|ARM64
		{88FAEC33-09C0-47BC-9FAB-306BCEE6C8C7}.Release|ARM64.Build.0 = Release|ARM64
		{88FAEC33-09C0-47BC-9FAB-306BCEE6C8C7}.Release|ARM64.Deploy.0 = Release|ARM64
		{88FAEC33-09C0-47BC-9FAB-306BCEE6C8C7}.Release|x64.ActiveCfg = Release|x64
		{88FAEC33-09C0-47BC-9FAB-306BCEE6C8C7}.Release|x64.Build.0 = Release|x64
		{88FAEC33-09C0-47BC-9FAB-306BCEE6C8C7}.Release|x64.Deploy.0 = Release|x64
		{88FAEC33-09C0-47BC-9FAB-306BCEE6C8C7}.Release|x86.ActiveCfg = Release|Win32
		{88FAEC33-09C0-47BC-9FAB-306BCEE6C8C7}.Release|x86.Build.0 = Release|Win32
		{88FAEC33-09C0-47BC-9FAB-306BCEE6C8C7}.Release|x86.Deploy.0 = Release|Win32
		{42BEAE35-B354-414B-903D-BD82CBEB7F78}.Debug|ARM64.ActiveCfg = Debug|ARM64
		{42BEAE35-B354-414B-903D-BD82CBEB7F78}.Debug|ARM64.Build.0 = Debug|ARM64
		{42BEAE35-B354-414B-903D-BD82CBEB7F78}.Debug|x64.ActiveCfg = Debug|x64
		{42BEAE35-B354-414B-903D-BD82CBEB7F78}.Debug|x64.Build.0 = Debug|x64
		{42BEAE35-B354-414B-903D-BD82CBEB7F78}.Debug|x86.ActiveCfg = Debug|Win32
		{42BEAE35-B354-414B-903D-BD82CBEB7F78}.Debug|x86.Build.0 = Debug|Win32
		{42BEAE35-B354-414B-903D-BD82CBEB7F78}.Release|ARM64.ActiveCfg = Release|ARM64
		{42BEAE35-B354-414B-903D-BD82CBEB7F78}.Release|ARM64.Build.0 = Release|ARM64
		{42BEAE35-B354-414B-903D-BD82CBEB7F78}.Release|x64.ActiveCfg = Release|x64
		{42BEAE35-B354-414B-903D-BD82CBEB7F78}.Release|x64.Build.0 = Release|x64
		{42BEAE35-B354-414B-903D-BD82CBEB7F78}.Release|x86.ActiveCfg = Release|Win32
		{42BEAE35-B354-414B-903D-BD82CBEB7F78}.Release|x86.Build.0 = Release|Win32
		{BA6F8055-8F7A-4820-8D87-8979EF0CA7D7}.Debug|ARM64.ActiveCfg = Debug|ARM64
		{BA6F8055-8F7A-4820-8D87-8979EF0CA7D7}.Debug|ARM64.Build.0 = Debug|ARM64
		{BA6F8055-8F7A-4820-8D87-8979EF0CA7D7}.Debug|x64.ActiveCfg = Debug|x64
		{BA6F8055-8F7A-4820-8D87-8979EF0CA7D7}.Debug|x64.Build.0 = Debug|x64
		{BA6F8055-8F7A-4820-8D87-8979EF0CA7D7}.Debug|x86.ActiveCfg = Debug|Win32
		{BA6F8055-8F7A-4820-8D87-8979EF0CA7D7}.Debug|x86.Build.0 = Debug|Win32
		{BA6F8055-8F7A-4820-8D87-8979EF0CA7D7}.Release|ARM64.ActiveCfg = Release|ARM64
		{BA6F8055-8F7A-4820-8D87-8979EF0CA7D7}.Release|ARM64.Build.0 = Release|ARM64
		{BA6F8055-8F7A-4820-8D87-8979EF0CA7D7}.Release|x64.ActiveCfg = Release|x64
		{BA6F8055-8F7A-4820-8D87-8979EF0CA7D7}.Release|x64.Build.0 = Release|x64
		{BA6F8055-8F7A-4820-8D87-8979EF0CA7D7}.Release|x86.ActiveCfg = Release|Win32
		{BA6F8055-8F7A-4820-8D87-8979EF0CA7D7}.Release|x86.Build.0 = Release|Win32
		{4E3C076E-8FDE-4089-A08D-C151C3F5F88F}.Debug|ARM64.ActiveCfg = Debug|ARM64
		{4E3C076E-8FDE-4089-A08D-C151C3F5F88F}.Debug|ARM64.Build.0 = Debug|ARM64
		{4E3C076E-8FDE-4089-A08D-C151C3F5F88F}.Debug|x64.ActiveCfg = Debug|x64
		{4E3C076E-8FDE-4089-A08D-C151C3F5F88F}.Debug|x64.Build.0 = Debug|x64
		{4E3C076E-8FDE-4089-A08D-C151C3F5F88F}.Debug|x86.ActiveCfg = Debug|Win32
		{4E3C076E-8FDE-4089-A08D-C151C3F5F88F}.Debug|x86.Build.0 = Debug|Win32
		{4E3C076E-8FDE-4089-A08D-C151C3F5F88F}.Release|ARM64.ActiveCfg = Release|ARM64
		{4E3C076E-8FDE-4089-A08D-C151C3F5F88F}.Release|ARM64.Build.0 = Release|ARM64
		{4E3C076E-8FDE-4089-A08D-C151C3F5F88F}.Release|x64.ActiveCfg = Release|x64
		{4E3C076E-8FDE-4089-A08D-C151C3F5F88F}.Release|x64.Build.0 = Release|x64
		{4E3C076E-8FDE-4089-A08D-C151C3F5F88F}.Release|x86.ActiveCfg = Release|Win32
		{4E3C076E-8FDE-4089-A08D-C151C3F5F88F}.Release|x86.Build.0 = Release|Win32
		{32838A0E-2990-4302-8000-BA502C332F34}.Debug|ARM64.ActiveCfg = Debug|ARM64
		{32838A0E-2990-4302-8000-BA502C332F34}.Debug|ARM64.Build.0 = Debug|ARM64
		{32838A0E-2990-4302-8000-BA502C332F34}.Debug|x64.ActiveCfg = Debug|x64
		{32838A0E-2990-4302-8000-BA502C332F34}.Debug|x64.Build.0 = Debug|x64
		{32838A0E-2990-4302-8000-BA502C332F34}.Debug|x86.ActiveCfg = Debug|Win32
		{32838A0E-2990-4302-8000-BA502C332F34}.Debug|x86.Build.0 = Debug|Win32
		{32838A0E-2990-4302-8000-BA502C332F34}.Release|ARM64.ActiveCfg = Release|ARM64
		{32838A0E-2990-4302-8000-BA502C332F34}.Release|ARM64.Build.0 = Release|ARM64
		{32838A0E-2990-4302-8000-BA502C332F34}.Release|x64.ActiveCfg = Release|x64
		{32838A0E-2990-4302-8000-BA502C332F34}.Release|x64.Build.0 = Release|x64
		{32838A0E-2990-4302-8000-BA502C332F34}.Release|x86.ActiveCfg = Release|Win32
		{32838A0E-2990-4302-8000-BA502C332F34}.Release|x86.Build.0 = Release|Win32
		{4DACD89E-FE39-4C69-A0F9-52453802D73E}.Debug|ARM64.ActiveCfg = Debug|ARM64
		{4DACD89E-FE39-4C69-A0F9-52453802D73E}.Debug|ARM64.Build.0 = Debug|ARM64
		{4DACD89E-FE39-4C69-A0F9-52453802D73E}.Debug|x64.ActiveCfg = Debug|x64
		{4DACD89E-FE39-4C69-A0F9-52453802D73E}.Debug|x64.Build.0 = Debug|x64
		{4DACD89E-FE39-4C69-A0F9-52453802D73E}.Debug|x86.ActiveCfg = Debug|Win32
		{4DACD89E-FE39-4C69-A0F9-52453802D73E}.Debug|x86.Build.0 = Debug|Win32
		{4DACD89E-FE39-4C69-A0F9-52453802D73E}.Release|ARM64.ActiveCfg = Release|ARM64
		{4DACD89E-FE39-4C69-A0F9-52453802D73E}.Release|ARM64.Build.0 = Release|ARM64
		{4DACD89E-FE39-4C69-A0F9-52453802D73E}.Release|x64.ActiveCfg = Release|x64
		{4DACD89E-FE39-4C69-A0F9-52453802D73E}.Release|x64.Build.0 = Release|x64
		{4DACD89E-FE39-4C69-A0F9-52453802D73E}.Release|x86.ActiveCfg = Release|Win32
		{4DACD89E-FE39-4C69-A0F9-52453802D73E}.Release|x86.Build.0 = Release|Win32
		{8337B328-BF33-401F-B1CB-CD54CCD4BE5B}.Debug|ARM64.ActiveCfg = Debug|ARM64
		{8337B328-BF33-401F-B1CB-CD54CCD4BE5B}.Debug|ARM64.Build.0 = Debug|ARM64
		{8337B328-BF33-401F-B1CB-CD54CCD4BE5B}.Debug|x64.ActiveCfg = Debug|x64
		{8337B328-BF33-401F-B1CB-CD54CCD4BE5B}.Debug|x64.Build.0 = Debug|x64
		{8337B328-BF33-401F-B1CB-CD54CCD4BE5B}.Debug|x86.ActiveCfg = Debug|Win32
		{8337B328-BF33-401F-B1CB-CD54CCD4BE5B}.Debug|x86.Build.0 = Debug|Win32
		{8337B328-BF33-401F-B1CB-CD54CCD4BE5B}.Release|ARM64.ActiveCfg = Release|ARM64
		{8337B328-BF33-401F-B1CB-CD54CCD4BE5B}.Release|ARM64.Build.0 = Release|ARM64
		{8337B328-BF33-401F-B1CB-CD54CCD4BE5B}.Release|x64.ActiveCfg = Release|x64
		{8337B328-BF33-401F-B1CB-CD54CCD4BE5B}.Release|x64.Build.0 = Release|x64
		{8337B328-BF33-401F-B1CB-CD54CCD4BE5B}.Release|x86.ActiveCfg = Release|Win32
		{8337B328-BF33-401F-B1CB-CD54CCD4BE5B}.Release|x86.Build.0 = Release|Win32
		{5EFAF453-AD08-4D9A-8B5C-EE4041A7DD75}.Debug|ARM64.ActiveCfg = Debug|ARM64
		{5EFAF453-AD08-4D9A-8B5C-EE4041A7DD75}.Debug|ARM64.Build.0 = Debug|ARM64
		{5EFAF453-AD08-4D9A-8B5C-EE4041A7DD75}.Debug|x64.ActiveCfg = Debug|x64
		{5EFAF453-AD08-4D9A-8B5C-EE4041A7DD75}.Debug|x64.Build.0 = Debug|x64
		{5EFAF453-AD08-4D9A-8B5C-EE4041A7DD75}.Debug|x86.ActiveCfg = Debug|Win32
		{5EFAF453-AD08-4D9A-8B5C-EE4041A7DD75}.Debug|x86.Build.0 = Debug|Win32
		{5EFAF453-AD08-4D9A-8B5C-EE4041A7DD75}.Release|ARM64.ActiveCfg = Release|ARM64
		{5EFAF453-AD08-4D9A-8B5C-EE4041A7DD75}.Release|ARM64.Build.0 = Release|ARM64
		{5EFAF453-AD08-4D9A-8B5C-EE4041A7DD75}.Release|x64.ActiveCfg = Release|x64
		{5EFAF453-AD08-4D9A-8B5C-EE4041A7DD75}.Release|x64.Build.0 = Release|x64
		{5EFAF453-AD08-4D9A-8B5C-EE4041A7DD75}.Release|x86.ActiveCfg = Release|Win32
		{5EFAF453-AD08-4D9A-8B5C-EE4041A7DD75}.Release|x86.Build.0 = Release|Win32
	EndGlobalSection
	GlobalSection(SolutionProperties) = preSolution
		HideSolutionNode = FALSE
	EndGlobalSection
	GlobalSection(ExtensibilityGlobals) = postSolution
		SolutionGuid = {25FBB6B7-8988-4AAD-8C9B-16FFD744A8F1}
	EndGlobalSection
EndGlobal
