<?xml version="1.0" encoding="utf-8"?>
<Project ToolsVersion="15.0" xmlns="http://schemas.microsoft.com/developer/msbuild/2003">
  <ItemGroup>
    <Filter Include="Resources">
      <UniqueIdentifier>accd3aa8-1ba0-4223-9bbe-0c431709210b</UniqueIdentifier>
      <Extensions>rc;ico;cur;bmp;dlg;rc2;rct;bin;rgs;gif;jpg;jpeg;jpe;resx;tga;tiff;tif;png;wav;mfcribbon-ms</Extensions>
    </Filter>
    <Filter Include="Generated Files">
      <UniqueIdentifier>{926ab91d-31b4-48c3-b9a4-e681349f27f0}</UniqueIdentifier>
    </Filter>
    <Filter Include="Others">
      <UniqueIdentifier>{4a3187a6-bd29-413f-aed3-e9c2069d089a}</UniqueIdentifier>
    </Filter>
    <Filter Include="Headers">
      <UniqueIdentifier>{842bb02a-8c7d-461d-9a0c-d87fa0294eb7}</UniqueIdentifier>
    </Filter>
    <Filter Include="Sources">
      <UniqueIdentifier>{e3fdb9a0-890f-4476-9417-d564ce1e9fea}</UniqueIdentifier>
    </Filter>
    <Filter Include="Controls">
      <UniqueIdentifier>{7b5412ec-7f36-4d86-890d-39226abf4773}</UniqueIdentifier>
    </Filter>
  </ItemGroup>
  <ItemGroup>
    <ClCompile Include="$(GeneratedFilesDir)module.g.cpp">
      <Filter>Sources</Filter>
    </ClCompile>
    <ClCompile Include="pch.cpp">
      <Filter>Sources</Filter>
    </ClCompile>
  </ItemGroup>
  <ItemGroup>
    <Midl Include="Mercatec.WinUIEx.WindowEx.idl">
      <Filter>Controls</Filter>
    </Midl>
  </ItemGroup>
  <ItemGroup>
    <None Include="Mercatec.WinUIEx.def">
      <Filter>Others</Filter>
    </None>
    <None Include="packages.config">
      <Filter>Others</Filter>
    </None>
    <None Include="PropertySheet.props">
      <Filter>Others</Filter>
    </None>
  </ItemGroup>
  <ItemGroup>
    <Natvis Include="$(MSBuildThisFileDirectory)..\..\natvis\wil.natvis">
      <Filter>Others</Filter>
    </Natvis>
  </ItemGroup>
  <ItemGroup>
    <Text Include="readme.txt">
      <Filter>Others</Filter>
    </Text>
  </ItemGroup>
  <ItemGroup>
    <ClInclude Include="pch.h">
      <Filter>Headers</Filter>
    </ClInclude>
  </ItemGroup>
</Project>