<?xml version="1.0" encoding="utf-8"?>
<Project ToolsVersion="15.0" xmlns="http://schemas.microsoft.com/developer/msbuild/2003">
  <ItemGroup>
    <Filter Include="Resources">
      <UniqueIdentifier>accd3aa8-1ba0-4223-9bbe-0c431709210b</UniqueIdentifier>
      <Extensions>rc;ico;cur;bmp;dlg;rc2;rct;bin;rgs;gif;jpg;jpeg;jpe;resx;tga;tiff;tif;png;wav;mfcribbon-ms</Extensions>
    </Filter>
    <Filter Include="Generated Files">
      <UniqueIdentifier>{926ab91d-31b4-48c3-b9a4-e681349f27f0}</UniqueIdentifier>
    </Filter>
    <Filter Include="Others">
      <UniqueIdentifier>{4a3187a6-bd29-413f-aed3-e9c2069d089a}</UniqueIdentifier>
    </Filter>
    <Filter Include="Headers">
      <UniqueIdentifier>{842bb02a-8c7d-461d-9a0c-d87fa0294eb7}</UniqueIdentifier>
    </Filter>
    <Filter Include="Sources">
      <UniqueIdentifier>{e3fdb9a0-890f-4476-9417-d564ce1e9fea}</UniqueIdentifier>
    </Filter>
    <Filter Include="Controls">
      <UniqueIdentifier>{7b5412ec-7f36-4d86-890d-39226abf4773}</UniqueIdentifier>
    </Filter>
    <Filter Include="Headers\Messaging">
      <UniqueIdentifier>{febf98f2-cbf2-464e-be59-267fbebec4a5}</UniqueIdentifier>
    </Filter>
    <Filter Include="Sources\Messaging">
      <UniqueIdentifier>{98609e26-d416-4c4c-94b3-eb0c5b3149f4}</UniqueIdentifier>
    </Filter>
    <Filter Include="Headers\Helpers">
      <UniqueIdentifier>{5d57eeb4-38c3-4def-994e-ee6eb14a933b}</UniqueIdentifier>
    </Filter>
    <Filter Include="Headers\Others">
      <UniqueIdentifier>{66105e03-42f2-4814-b3ea-d536779eddfc}</UniqueIdentifier>
    </Filter>
    <Filter Include="Sources\Others">
      <UniqueIdentifier>{f0d7c29e-b752-4d19-ad30-ba6dfb3e6ac8}</UniqueIdentifier>
    </Filter>
    <Filter Include="Headers\Windows">
      <UniqueIdentifier>{6511c48e-6d40-4746-ad80-b9a0ed30fd15}</UniqueIdentifier>
    </Filter>
    <Filter Include="Sources\Windows">
      <UniqueIdentifier>{201bb2a6-ba15-421c-b545-337d44b47861}</UniqueIdentifier>
    </Filter>
    <Filter Include="Headers\WinRT">
      <UniqueIdentifier>{2ee1b898-d15e-431a-9a2d-caba4e08a2f1}</UniqueIdentifier>
    </Filter>
    <Filter Include="Headers\Windowing">
      <UniqueIdentifier>{6cf3f921-bf89-49b9-8c02-db35c84fb5bb}</UniqueIdentifier>
    </Filter>
    <Filter Include="Sources\Windowing">
      <UniqueIdentifier>{35ea28e8-b338-4c32-ad07-e4b28ad434d5}</UniqueIdentifier>
    </Filter>
    <Filter Include="Headers\Messaging\Internal">
      <UniqueIdentifier>{1ecef320-e812-41ed-ac96-5859652d2ca1}</UniqueIdentifier>
    </Filter>
    <Filter Include="Headers\Windows\Internal">
      <UniqueIdentifier>{696f49ce-6355-4597-9c32-1412df86dff6}</UniqueIdentifier>
    </Filter>
    <Filter Include="Headers\Helpers\DesignPatterns">
      <UniqueIdentifier>{287cec39-47d9-4099-bffe-1473b906b79d}</UniqueIdentifier>
    </Filter>
  </ItemGroup>
  <ItemGroup>
    <ClCompile Include="Mercatec.WinUIEx.Messaging.WindowMessageMonitor.cpp">
      <Filter>Sources\Messaging</Filter>
    </ClCompile>
    <ClCompile Include="Mercatec.WinUIEx.Messaging.WindowMessageEventArgs.cpp">
      <Filter>Sources\Messaging</Filter>
    </ClCompile>
    <ClCompile Include="Mercatec.WinUIEx.Messaging.Message.cpp">
      <Filter>Sources\Messaging</Filter>
    </ClCompile>
    <ClCompile Include="pch.cpp">
      <Filter>Sources\Others</Filter>
    </ClCompile>
    <ClCompile Include="$(GeneratedFilesDir)module.g.cpp">
      <Filter>Sources\Others</Filter>
    </ClCompile>
    <ClCompile Include="Mercatec.WinUIEx.HwndExtensions.cpp">
      <Filter>Sources\Windows</Filter>
    </ClCompile>
    <ClCompile Include="Mercatec.WinUIEx.WindowExtensions.cpp">
      <Filter>Sources\Windows</Filter>
    </ClCompile>
    <ClCompile Include="Mercatec.WinUIEx.WindowExtensions.Dialogs.cpp">
      <Filter>Sources\Windows</Filter>
    </ClCompile>
    <ClCompile Include="Mercatec.WinUIEx.MonitorInfo.cpp">
      <Filter>Sources\Windows</Filter>
    </ClCompile>
    <ClCompile Include="Internal\Messaging\Mercatec.WinUIEx.Messaging.Internal.Message.cpp">
      <Filter>Headers\Messaging\Internal</Filter>
    </ClCompile>
    <ClCompile Include="Mercatec.WinUIEx.Windowing.WindowMessageSink.cpp">
      <Filter>Sources\Windowing</Filter>
    </ClCompile>
    <ClCompile Include="Internal\Mercatec.WinUIEx.Internal.Icon.cpp">
      <Filter>Headers\Windows\Internal</Filter>
    </ClCompile>
    <ClCompile Include="Mercatec.WinUIEx.AppDataPaths.cpp">
      <Filter>Headers\Helpers</Filter>
    </ClCompile>
    <ClCompile Include="Mercatec.WinUIEx.UserDataPaths.cpp">
      <Filter>Headers\Helpers</Filter>
    </ClCompile>
    <ClCompile Include="Mercatec.WinUIEx.WindowsShell.cpp">
      <Filter>Headers\Helpers</Filter>
    </ClCompile>
    <ClCompile Include="Mercatec.WinUIEx.Application.cpp">
      <Filter>Headers\Helpers</Filter>
    </ClCompile>
  </ItemGroup>
  <ItemGroup>
    <Midl Include="Mercatec.WinUIEx.WindowEx.idl">
      <Filter>Controls</Filter>
    </Midl>
    <Midl Include="Mercatec.WinUIEx.Windowing.MouseEvent.idl">
      <Filter>Headers\Windowing</Filter>
    </Midl>
    <Midl Include="Mercatec.WinUIEx.Messaging.Message.idl">
      <Filter>Headers\Messaging</Filter>
    </Midl>
    <Midl Include="Mercatec.WinUIEx.Messaging.WindowMessageEventArgs.idl">
      <Filter>Headers\Messaging</Filter>
    </Midl>
    <Midl Include="Mercatec.WinUIEx.Messaging.WindowsMessages.idl">
      <Filter>Headers\Messaging</Filter>
    </Midl>
    <Midl Include="Mercatec.WinUIEx.WindowState.idl">
      <Filter>Headers\Windows</Filter>
    </Midl>
    <Midl Include="Mercatec.WinUIEx.BackdropType.idl">
      <Filter>Headers\Windows</Filter>
    </Midl>
    <Midl Include="Mercatec.WinUIEx.WindowManager.idl">
      <Filter>Headers\Windows</Filter>
    </Midl>
    <Midl Include="Mercatec.WinUIEx.ZOrderInfo.idl">
      <Filter>Headers\Windows</Filter>
    </Midl>
    <Midl Include="Mercatec.WinUIEx.LocalSettings.idl">
      <Filter>Headers\Helpers</Filter>
    </Midl>
    <Midl Include="Mercatec.WinUIEx.SplashScreen.idl">
      <Filter>Controls</Filter>
    </Midl>
    <Midl Include="Mercatec.WinUIEx.Icon.idl">
      <Filter>Headers\Windows</Filter>
    </Midl>
  </ItemGroup>
  <ItemGroup>
    <None Include="Mercatec.WinUIEx.def">
      <Filter>Others</Filter>
    </None>
    <None Include="packages.config">
      <Filter>Others</Filter>
    </None>
    <None Include="PropertySheet.props">
      <Filter>Others</Filter>
    </None>
    <None Include="vcpkg.json">
      <Filter>Others</Filter>
    </None>
  </ItemGroup>
  <ItemGroup>
    <Natvis Include="$(MSBuildThisFileDirectory)..\..\natvis\wil.natvis">
      <Filter>Others</Filter>
    </Natvis>
  </ItemGroup>
  <ItemGroup>
    <Text Include="readme.txt">
      <Filter>Others</Filter>
    </Text>
  </ItemGroup>
  <ItemGroup>
    <ClInclude Include="Mercatec.WinUIEx.Messaging.WindowMessageMonitor.hpp">
      <Filter>Headers\Messaging</Filter>
    </ClInclude>
    <ClInclude Include="Mercatec.WinUIEx.Messaging.WindowsMessages.hpp">
      <Filter>Headers\Messaging</Filter>
    </ClInclude>
    <ClInclude Include="Mercatec.WinUIEx.ForeachMacro.hpp">
      <Filter>Headers\Helpers</Filter>
    </ClInclude>
    <ClInclude Include="Mercatec.WinUIEx.Exports.Api.hpp">
      <Filter>Headers\Helpers</Filter>
    </ClInclude>
    <ClInclude Include="Mercatec.WinUIEx.Enum.hpp">
      <Filter>Headers\Helpers</Filter>
    </ClInclude>
    <ClInclude Include="pch.h">
      <Filter>Headers\Others</Filter>
    </ClInclude>
    <ClInclude Include="Mercatec.WinUIEx.Windows.Win32.hpp">
      <Filter>Headers\Windows</Filter>
    </ClInclude>
    <ClInclude Include="Mercatec.WinUIEx.HwndExtensions.hpp">
      <Filter>Headers\Windows</Filter>
    </ClInclude>
    <ClInclude Include="Mercatec.WinUIEx.WindowStyle.hpp">
      <Filter>Headers\Windows</Filter>
    </ClInclude>
    <ClInclude Include="Mercatec.WinUIEx.WindowExtensions.hpp">
      <Filter>Headers\Windows</Filter>
    </ClInclude>
    <ClInclude Include="Mercatec.Microsoft.UI.Windowing.hpp">
      <Filter>Headers\WinRT</Filter>
    </ClInclude>
    <ClInclude Include="Mercatec.WinUIEx.SystemBackdrop.hpp">
      <Filter>Headers\Windows</Filter>
    </ClInclude>
    <ClInclude Include="Mercatec.WinUIEx.MonitorInfo.hpp">
      <Filter>Headers\Windows</Filter>
    </ClInclude>
    <ClInclude Include="Mercatec.WinUIEx.Windowing.IconDataMembers.hpp">
      <Filter>Headers\Windowing</Filter>
    </ClInclude>
    <ClInclude Include="Mercatec.WinUIEx.Windowing.MouseEvent.hpp">
      <Filter>Headers\Windowing</Filter>
    </ClInclude>
    <ClInclude Include="Mercatec.WinUIEx.Windowing.NotifyCommand.hpp">
      <Filter>Headers\Windowing</Filter>
    </ClInclude>
    <ClInclude Include="Mercatec.WinUIEx.Debug.hpp">
      <Filter>Headers\Helpers</Filter>
    </ClInclude>
    <ClInclude Include="Internal\Messaging\Mercatec.WinUIEx.Messaging.Internal.Message.hpp">
      <Filter>Headers\Messaging\Internal</Filter>
    </ClInclude>
    <ClInclude Include="Mercatec.WinUIEx.Windowing.WindowMessageSink.hpp">
      <Filter>Headers\Windowing</Filter>
    </ClInclude>
    <ClInclude Include="Mercatec.WinUIEx.WindowState.hpp">
      <Filter>Headers\Windows</Filter>
    </ClInclude>
    <ClInclude Include="Mercatec.WinUIEx.BackdropType.hpp">
      <Filter>Headers\Windows</Filter>
    </ClInclude>
    <ClInclude Include="Internal\Mercatec.WinUIEx.Internal.Icon.hpp">
      <Filter>Headers\Windows\Internal</Filter>
    </ClInclude>
    <ClInclude Include="Mercatec.WinUIEx.Visitor.hpp">
      <Filter>Headers\Helpers\DesignPatterns</Filter>
    </ClInclude>
    <ClInclude Include="Mercatec.WinUIEx.AppDataPaths.hpp">
      <Filter>Headers\Helpers</Filter>
    </ClInclude>
    <ClInclude Include="Mercatec.WinUIEx.UserDataPaths.hpp">
      <Filter>Headers\Helpers</Filter>
    </ClInclude>
    <ClInclude Include="Mercatec.WinUIEx.WindowsShell.hpp">
      <Filter>Headers\Helpers</Filter>
    </ClInclude>
    <ClInclude Include="Mercatec.WinUIEx.Application.hpp">
      <Filter>Headers\Helpers</Filter>
    </ClInclude>
  </ItemGroup>
</Project>