<?xml version="1.0" encoding="utf-8"?>
<Project ToolsVersion="15.0" xmlns="http://schemas.microsoft.com/developer/msbuild/2003">
  <ItemGroup>
    <Filter Include="Resources">
      <UniqueIdentifier>accd3aa8-1ba0-4223-9bbe-0c431709210b</UniqueIdentifier>
      <Extensions>rc;ico;cur;bmp;dlg;rc2;rct;bin;rgs;gif;jpg;jpeg;jpe;resx;tga;tiff;tif;png;wav;mfcribbon-ms</Extensions>
    </Filter>
    <Filter Include="Generated Files">
      <UniqueIdentifier>{926ab91d-31b4-48c3-b9a4-e681349f27f0}</UniqueIdentifier>
    </Filter>
    <Filter Include="Others">
      <UniqueIdentifier>{57c2e3cc-9d3e-45ee-89db-6824efc6b4cf}</UniqueIdentifier>
    </Filter>
    <Filter Include="Headers">
      <UniqueIdentifier>{8e23f3f1-01b2-4588-977d-f902f5096cca}</UniqueIdentifier>
    </Filter>
    <Filter Include="Sources">
      <UniqueIdentifier>{429ebacc-95b8-4a16-9d40-9dd6620ce080}</UniqueIdentifier>
    </Filter>
    <Filter Include="Models">
      <UniqueIdentifier>{7a7f0cca-3ce0-43f5-84d3-becaf6b303fd}</UniqueIdentifier>
    </Filter>
    <Filter Include="Models\Data">
      <UniqueIdentifier>{4a210531-9b44-4b18-936d-0e1dfcc3dcfd}</UniqueIdentifier>
    </Filter>
    <Filter Include="Models\WinRT">
      <UniqueIdentifier>{9310a3b7-1af2-473b-b571-81a710ea8a00}</UniqueIdentifier>
    </Filter>
  </ItemGroup>
  <ItemGroup>
    <ClCompile Include="pch.cpp">
      <Filter>Sources</Filter>
    </ClCompile>
    <ClCompile Include="$(GeneratedFilesDir)module.g.cpp">
      <Filter>Sources</Filter>
    </ClCompile>
    <ClCompile Include="Mercatec.Models.UserAccount.cpp">
      <Filter>Models\Data</Filter>
    </ClCompile>
    <ClCompile Include="Mercatec.Models.PassportDevice.cpp">
      <Filter>Models\Data</Filter>
    </ClCompile>
    <ClCompile Include="Mercatec.Models.Entity.cpp">
      <Filter>Models\Data</Filter>
    </ClCompile>
  </ItemGroup>
  <ItemGroup>
    <ClInclude Include="pch.h">
      <Filter>Headers</Filter>
    </ClInclude>
    <ClInclude Include="Mercatec.Models.Exports.Api.hpp">
      <Filter>Headers</Filter>
    </ClInclude>
    <ClInclude Include="Mercatec.Models.UserAccount.hpp">
      <Filter>Models\Data</Filter>
    </ClInclude>
    <ClInclude Include="Mercatec.Models.PassportDevice.hpp">
      <Filter>Models\Data</Filter>
    </ClInclude>
    <ClInclude Include="Mercatec.Models.Entity.hpp">
      <Filter>Models\Data</Filter>
    </ClInclude>
    <ClInclude Include="Mercatec.Models.WinRT.hpp">
      <Filter>Headers</Filter>
    </ClInclude>
  </ItemGroup>
  <ItemGroup>
    <None Include="Mercatec.Models.def">
      <Filter>Others</Filter>
    </None>
    <None Include="packages.config">
      <Filter>Others</Filter>
    </None>
    <None Include="PropertySheet.props">
      <Filter>Others</Filter>
    </None>
  </ItemGroup>
  <ItemGroup>
    <Text Include="readme.txt">
      <Filter>Others</Filter>
    </Text>
  </ItemGroup>
  <ItemGroup>
    <Natvis Include="$(MSBuildThisFileDirectory)..\..\natvis\wil.natvis">
      <Filter>Others</Filter>
    </Natvis>
  </ItemGroup>
  <ItemGroup>
    <Midl Include="Mercatec.Models.WinRT.UserAccount.idl">
      <Filter>Models\WinRT</Filter>
    </Midl>
    <Midl Include="Mercatec.Models.WinRT.PassportDevice.idl">
      <Filter>Models\WinRT</Filter>
    </Midl>
  </ItemGroup>
</Project>