<?xml version="1.0" encoding="utf-8"?>
<Project ToolsVersion="15.0" xmlns="http://schemas.microsoft.com/developer/msbuild/2003">
  <ItemGroup>
    <Filter Include="Resources">
      <UniqueIdentifier>accd3aa8-1ba0-4223-9bbe-0c431709210b</UniqueIdentifier>
      <Extensions>rc;ico;cur;bmp;dlg;rc2;rct;bin;rgs;gif;jpg;jpeg;jpe;resx;tga;tiff;tif;png;wav;mfcribbon-ms</Extensions>
    </Filter>
    <Filter Include="Generated Files">
      <UniqueIdentifier>{926ab91d-31b4-48c3-b9a4-e681349f27f0}</UniqueIdentifier>
    </Filter>
    <Filter Include="Others">
      <UniqueIdentifier>{536f0077-fb8d-4ec2-a0fa-f049cf2e3443}</UniqueIdentifier>
    </Filter>
    <Filter Include="Sources">
      <UniqueIdentifier>{e68233db-6d3e-4b3c-b730-6db7c3c3d15e}</UniqueIdentifier>
    </Filter>
    <Filter Include="Headers">
      <UniqueIdentifier>{cab3a08b-d496-42c7-acce-982efdae0c1b}</UniqueIdentifier>
    </Filter>
    <Filter Include="WinRT">
      <UniqueIdentifier>{4a2a632b-5a4c-4cac-9edf-b491d51f818c}</UniqueIdentifier>
    </Filter>
  </ItemGroup>
  <ItemGroup>
    <ClCompile Include="Mercatec.BusinessLogic.Class.cpp">
      <Filter>WinRT</Filter>
    </ClCompile>
    <ClCompile Include="$(GeneratedFilesDir)module.g.cpp">
      <Filter>Sources</Filter>
    </ClCompile>
    <ClCompile Include="pch.cpp">
      <Filter>Sources</Filter>
    </ClCompile>
  </ItemGroup>
  <ItemGroup>
    <ClInclude Include="Mercatec.BusinessLogic.Exports.Api.hpp">
      <Filter>Headers</Filter>
    </ClInclude>
    <ClInclude Include="pch.h">
      <Filter>Headers</Filter>
    </ClInclude>
  </ItemGroup>
  <ItemGroup>
    <None Include="Mercatec.BusinessLogic.def">
      <Filter>Others</Filter>
    </None>
    <None Include="packages.config">
      <Filter>Others</Filter>
    </None>
    <None Include="PropertySheet.props">
      <Filter>Others</Filter>
    </None>
    <None Include="vcpkg.json">
      <Filter>Others</Filter>
    </None>
  </ItemGroup>
  <ItemGroup>
    <Text Include="readme.txt">
      <Filter>Others</Filter>
    </Text>
  </ItemGroup>
  <ItemGroup>
    <Natvis Include="$(MSBuildThisFileDirectory)..\..\natvis\wil.natvis">
      <Filter>Others</Filter>
    </Natvis>
  </ItemGroup>
</Project>