<?xml version="1.0" encoding="utf-8"?>
<Project ToolsVersion="15.0" xmlns="http://schemas.microsoft.com/developer/msbuild/2003">
  <ItemGroup>
    <Filter Include="Resources">
      <UniqueIdentifier>accd3aa8-1ba0-4223-9bbe-0c431709210b</UniqueIdentifier>
      <Extensions>rc;ico;cur;bmp;dlg;rc2;rct;bin;rgs;gif;jpg;jpeg;jpe;resx;tga;tiff;tif;png;wav;mfcribbon-ms</Extensions>
    </Filter>
    <Filter Include="Generated Files">
      <UniqueIdentifier>{926ab91d-31b4-48c3-b9a4-e681349f27f0}</UniqueIdentifier>
    </Filter>
  </ItemGroup>
  <ItemGroup>
    <ClCompile Include="pch.cpp" />
    <ClCompile Include="Mercatec.Helpers.Class.cpp" />
    <ClCompile Include="$(GeneratedFilesDir)module.g.cpp" />
  </ItemGroup>
  <ItemGroup>
    <ClInclude Include="pch.h" />
    <ClInclude Include="Mercatec.Helpers.Types.hpp" />
    <ClInclude Include="Mercatec.Helpers.ViewModels.hpp" />
    <ClInclude Include="Mercatec.Helpers.Strings.hpp" />
    <ClInclude Include="Mercatec.Helpers.Widespread.hpp" />
    <ClInclude Include="Mercatec.Helpers.Debug.hpp" />
    <ClInclude Include="Mercatec.Helpers.Coroutines.Future.hpp" />
    <ClInclude Include="Mercatec.Helpers.Coroutines.Task.hpp" />
    <ClInclude Include="Mercatec.Helpers.Exports.Api.hpp" />
  </ItemGroup>
  <ItemGroup>
    <None Include="packages.config" />
    <None Include="Mercatec.Helpers.def" />
    <None Include="PropertySheet.props" />
  </ItemGroup>
  <ItemGroup>
    <Text Include="readme.txt" />
  </ItemGroup>
  <ItemGroup>
    <Natvis Include="$(MSBuildThisFileDirectory)..\..\natvis\wil.natvis" />
  </ItemGroup>
  <ItemGroup>
    <Midl Include="Mercatec.Helpers.Types.idl" />
  </ItemGroup>
</Project>