<?xml version="1.0" encoding="utf-8"?>
<Project ToolsVersion="15.0" xmlns="http://schemas.microsoft.com/developer/msbuild/2003">
  <ItemGroup>
    <Filter Include="Others">
      <UniqueIdentifier>{34d932f7-6079-4fa0-9663-6556e9aab55e}</UniqueIdentifier>
    </Filter>
    <Filter Include="Headers">
      <UniqueIdentifier>{2754eae6-0268-4fae-b3a5-e63642be79eb}</UniqueIdentifier>
    </Filter>
    <Filter Include="Sources">
      <UniqueIdentifier>{cb1cce06-3a2a-4d9a-9e4e-9f66d7e78705}</UniqueIdentifier>
    </Filter>
    <Filter Include="Infrastructure">
      <UniqueIdentifier>{2156c09c-5f33-49f4-b7da-0bbfea067eb7}</UniqueIdentifier>
    </Filter>
    <Filter Include="Infrastructure\ViewModels">
      <UniqueIdentifier>{521ccbcb-092f-4a58-9774-1a5d32caf528}</UniqueIdentifier>
    </Filter>
    <Filter Include="Infrastructure\Common">
      <UniqueIdentifier>{215bde10-60d0-4f96-8b64-9bfdfd2b3d45}</UniqueIdentifier>
    </Filter>
    <Filter Include="Infrastructure\Services">
      <UniqueIdentifier>{987f2003-b8f1-4273-912b-2c226b0d9d25}</UniqueIdentifier>
    </Filter>
    <Filter Include="Infrastructure\MIDLs">
      <UniqueIdentifier>{9b5656e0-23b0-4e48-9897-44a1ff9efcce}</UniqueIdentifier>
    </Filter>
    <Filter Include="Headers\Cxx">
      <UniqueIdentifier>{f7154c92-09ae-4774-8198-b2d8584a5761}</UniqueIdentifier>
    </Filter>
    <Filter Include="Infrastructure\Models">
      <UniqueIdentifier>{a7299ab0-f410-41db-9400-f93b6d3ed7ea}</UniqueIdentifier>
    </Filter>
    <Filter Include="Converters">
      <UniqueIdentifier>{a88ad16e-517e-4e7f-8a3f-e7b18d9b31e4}</UniqueIdentifier>
    </Filter>
  </ItemGroup>
  <ItemGroup>
    <ClCompile Include="Mercatec.Helpers.Widespread.cpp">
      <Filter>Sources</Filter>
    </ClCompile>
    <ClCompile Include="Mercatec.Helpers.Strings.cpp">
      <Filter>Sources</Filter>
    </ClCompile>
    <ClCompile Include="$(GeneratedFilesDir)module.g.cpp">
      <Filter>Sources</Filter>
    </ClCompile>
    <ClCompile Include="pch.cpp">
      <Filter>Sources</Filter>
    </ClCompile>
    <ClCompile Include="Mercatec.Helpers.Auth.cpp">
      <Filter>Headers</Filter>
    </ClCompile>
    <ClCompile Include="Mercatec.Helpers.Application.cpp">
      <Filter>Headers</Filter>
    </ClCompile>
    <ClCompile Include="Mercatec.Helpers.Types.cpp">
      <Filter>Headers</Filter>
    </ClCompile>
    <ClCompile Include="Mercatec.Helpers.ServiceLocator.cpp">
      <Filter>Headers\Cxx</Filter>
    </ClCompile>
    <ClCompile Include="Mercatec.Helpers.ViewModels.Entity.cpp">
      <Filter>Infrastructure\ViewModels</Filter>
    </ClCompile>
  </ItemGroup>
  <ItemGroup>
    <ClInclude Include="Mercatec.Helpers.Coroutines.Task.hpp">
      <Filter>Headers</Filter>
    </ClInclude>
    <ClInclude Include="Mercatec.Helpers.Coroutines.Future.hpp">
      <Filter>Headers</Filter>
    </ClInclude>
    <ClInclude Include="Mercatec.Helpers.Debug.hpp">
      <Filter>Headers</Filter>
    </ClInclude>
    <ClInclude Include="Mercatec.Helpers.Exports.Api.hpp">
      <Filter>Headers</Filter>
    </ClInclude>
    <ClInclude Include="Mercatec.Helpers.Widespread.hpp">
      <Filter>Headers</Filter>
    </ClInclude>
    <ClInclude Include="Mercatec.Helpers.Types.hpp">
      <Filter>Headers</Filter>
    </ClInclude>
    <ClInclude Include="Mercatec.Helpers.Strings.hpp">
      <Filter>Headers</Filter>
    </ClInclude>
    <ClInclude Include="pch.h">
      <Filter>Headers</Filter>
    </ClInclude>
    <ClInclude Include="Mercatec.Helpers.Crtp.hpp">
      <Filter>Headers</Filter>
    </ClInclude>
    <ClInclude Include="Mercatec.Helpers.RelayCommand.hpp">
      <Filter>Infrastructure\Common</Filter>
    </ClInclude>
    <ClInclude Include="Mercatec.Helpers.ViewModels.Entity.hpp">
      <Filter>Infrastructure\ViewModels</Filter>
    </ClInclude>
    <ClInclude Include="Mercatec.Helpers.Auth.hpp">
      <Filter>Headers</Filter>
    </ClInclude>
    <ClInclude Include="Mercatec.Helpers.Models.hpp">
      <Filter>Headers</Filter>
    </ClInclude>
    <ClInclude Include="Mercatec.Helpers.Application.hpp">
      <Filter>Headers</Filter>
    </ClInclude>
    <ClInclude Include="Mercatec.Helpers.SemanticValue.hpp">
      <Filter>Headers\Cxx</Filter>
    </ClInclude>
    <ClInclude Include="Mercatec.Helpers.FunctionTraits.hpp">
      <Filter>Headers\Cxx</Filter>
    </ClInclude>
    <ClInclude Include="Mercatec.Helpers.TypeTraits.hpp">
      <Filter>Headers\Cxx</Filter>
    </ClInclude>
    <ClInclude Include="Mercatec.Helpers.ServiceLocator.hpp">
      <Filter>Headers\Cxx</Filter>
    </ClInclude>
    <ClInclude Include="Mercatec.Helpers.Optional.hpp">
      <Filter>Headers\Cxx</Filter>
    </ClInclude>
    <ClInclude Include="Mercatec.Helpers.Reference.hpp">
      <Filter>Headers\Cxx</Filter>
    </ClInclude>
    <ClInclude Include="Mercatec.Helpers.Utility.hpp">
      <Filter>Headers\Cxx</Filter>
    </ClInclude>
    <ClInclude Include="Mercatec.Helpers.Platform.hpp">
      <Filter>Headers\Cxx</Filter>
    </ClInclude>
  </ItemGroup>
  <ItemGroup>
    <None Include="packages.config">
      <Filter>Others</Filter>
    </None>
    <None Include="PropertySheet.props">
      <Filter>Others</Filter>
    </None>
    <None Include="Mercatec.Helpers.def">
      <Filter>Others</Filter>
    </None>
  </ItemGroup>
  <ItemGroup>
    <Natvis Include="$(MSBuildThisFileDirectory)..\..\natvis\wil.natvis">
      <Filter>Others</Filter>
    </Natvis>
  </ItemGroup>
  <ItemGroup>
    <Text Include="readme.txt">
      <Filter>Others</Filter>
    </Text>
  </ItemGroup>
  <ItemGroup>
    <Midl Include="Mercatec.Helpers.ViewModels.ObservableObject.idl">
      <Filter>Infrastructure\ViewModels</Filter>
    </Midl>
    <Midl Include="Mercatec.Helpers.ViewModels.ViewModelBase.idl">
      <Filter>Infrastructure\ViewModels</Filter>
    </Midl>
    <Midl Include="MIDLs\Mercatec.Helpers.LogType.idl">
      <Filter>Infrastructure\MIDLs</Filter>
    </Midl>
    <Midl Include="MIDLs\Mercatec.Helpers.ViewModels.IModel.idl">
      <Filter>Infrastructure\ViewModels</Filter>
    </Midl>
    <Midl Include="MIDLs\Mercatec.Helpers.Services.INavigationService.idl">
      <Filter>Infrastructure\Services</Filter>
    </Midl>
    <Midl Include="MIDLs\Mercatec.Helpers.Services.ILogService.idl">
      <Filter>Infrastructure\Services</Filter>
    </Midl>
    <Midl Include="MIDLs\Mercatec.Helpers.Services.IDialogService.idl">
      <Filter>Infrastructure\Services</Filter>
    </Midl>
    <Midl Include="MIDLs\Mercatec.Helpers.Services.IContextService.idl">
      <Filter>Infrastructure\Services</Filter>
    </Midl>
    <Midl Include="MIDLs\Mercatec.Helpers.Services.ICommonServices.idl">
      <Filter>Infrastructure\Services</Filter>
    </Midl>
    <Midl Include="MIDLs\Mercatec.Helpers.Services.idl">
      <Filter>Infrastructure\MIDLs</Filter>
    </Midl>
    <Midl Include="MIDLs\Mercatec.Helpers.Delegates.idl">
      <Filter>Infrastructure\MIDLs</Filter>
    </Midl>
    <Midl Include="MIDLs\Mercatec.Helpers.ToolbarModes.idl">
      <Filter>Infrastructure\Common</Filter>
    </Midl>
    <Midl Include="Mercatec.Helpers.IndexRange.idl">
      <Filter>Infrastructure\Common</Filter>
    </Midl>
    <Midl Include="Mercatec.Helpers.UserInfo.idl">
      <Filter>Infrastructure\Common</Filter>
    </Midl>
    <Midl Include="MIDLs\Mercatec.Helpers.ViewModels.IEntity.idl">
      <Filter>Infrastructure\ViewModels</Filter>
    </Midl>
    <Midl Include="Mercatec.Helpers.ViewModels.ShellArgs.idl">
      <Filter>Infrastructure\ViewModels</Filter>
    </Midl>
    <Midl Include="MIDLs\Mercatec.Helpers.Services.ILoginService.idl">
      <Filter>Infrastructure\Services</Filter>
    </Midl>
    <Midl Include="MIDLs\Mercatec.Helpers.Services.ISettingsService.idl">
      <Filter>Infrastructure\Services</Filter>
    </Midl>
    <Midl Include="MIDLs\Mercatec.Helpers.Services.IMessageService.idl">
      <Filter>Infrastructure\Services</Filter>
    </Midl>
    <Midl Include="MIDLs\Mercatec.Helpers.Services.IFilePickerService.idl">
      <Filter>Infrastructure\Services</Filter>
    </Midl>
    <Midl Include="Mercatec.Helpers.ImagePickerResult.idl">
      <Filter>Infrastructure\Common</Filter>
    </Midl>
    <Midl Include="Mercatec.Helpers.Models.AppLogModel.idl">
      <Filter>Infrastructure\Models</Filter>
    </Midl>
    <Midl Include="Mercatec.Helpers.Result.idl">
      <Filter>Infrastructure\Common</Filter>
    </Midl>
    <Midl Include="MIDLs\Mercatec.Helpers.DataProviderType.idl">
      <Filter>Infrastructure\MIDLs</Filter>
    </Midl>
    <Midl Include="Mercatec.Helpers.DataRequest.idl">
      <Filter>Infrastructure\Common</Filter>
    </Midl>
    <Midl Include="MIDLs\Mercatec.Helpers.ViewModels.INotifyPropertyChanged.idl">
      <Filter>Infrastructure\ViewModels</Filter>
    </Midl>
    <Midl Include="MIDLs\Mercatec.Helpers.IApplication.idl">
      <Filter>Infrastructure\MIDLs</Filter>
    </Midl>
    <Midl Include="Mercatec.Helpers.Converters.BoolNegationConverter.idl">
      <Filter>Converters</Filter>
    </Midl>
  </ItemGroup>
</Project>